
Microsoft Visual Studio Solution File, Format Version 12.00
# Visual Studio 14
VisualStudioVersion = 14.0.23107.0
MinimumVisualStudioVersion = 10.0.40219.1
Project("{FAE04EC0-301F-11D3-BF4B-00C04F79EFBC}") = "Akka.Visualize", "Akka.Visualize\Akka.Visualize.csproj", "{011DFD17-CE6F-42FA-AFD7-F6BC95CEF765}"
EndProject
Project("{FAE04EC0-301F-11D3-BF4B-00C04F79EFBC}") = "Akka.Visualize.Sample", "Akka.Visualize.Sample\Akka.Visualize.Sample.csproj", "{D9E49506-B68F-4EB0-80DA-B7732B66FA03}"
EndProject
Project("{FAE04EC0-301F-11D3-BF4B-00C04F79EFBC}") = "Akka.Visualize.WebApi", "Akka.Visualize.WebApi\Akka.Visualize.WebApi.csproj", "{DE1A8B39-D1F8-46B7-B233-423D74F81F2F}"
EndProject
Project("{FAE04EC0-301F-11D3-BF4B-00C04F79EFBC}") = "Akka.Visualize.CommandLine", "Akka.Visualize.CommandLine\Akka.Visualize.CommandLine.csproj", "{44A3DBEE-07BE-4332-A1DE-6CD535238861}"
EndProject
Project("{2150E333-8FDC-42A3-9474-1A3956D46DE8}") = "Solution Items", "Solution Items", "{5DE672CC-0FE8-42B7-BDD7-DAC516A7FE37}"
	ProjectSection(SolutionItems) = preProject
		SharedAssemblyInfo.cs = SharedAssemblyInfo.cs
	EndProjectSection
EndProject
Project("{FAE04EC0-301F-11D3-BF4B-00C04F79EFBC}") = "Akka.Visualizer", "Akka.Visualizer\Akka.Visualizer.csproj", "{0451BAEF-DF2E-4B98-8644-94EE9415E389}"
EndProject
Global
	GlobalSection(SolutionConfigurationPlatforms) = preSolution
		Debug|Any CPU = Debug|Any CPU
		Release|Any CPU = Release|Any CPU
	EndGlobalSection
	GlobalSection(ProjectConfigurationPlatforms) = postSolution
		{011DFD17-CE6F-42FA-AFD7-F6BC95CEF765}.Debug|Any CPU.ActiveCfg = Debug|Any CPU
		{011DFD17-CE6F-42FA-AFD7-F6BC95CEF765}.Debug|Any CPU.Build.0 = Debug|Any CPU
		{011DFD17-CE6F-42FA-AFD7-F6BC95CEF765}.Release|Any CPU.ActiveCfg = Release|Any CPU
		{011DFD17-CE6F-42FA-AFD7-F6BC95CEF765}.Release|Any CPU.Build.0 = Release|Any CPU
		{D9E49506-B68F-4EB0-80DA-B7732B66FA03}.Debug|Any CPU.ActiveCfg = Debug|Any CPU
		{D9E49506-B68F-4EB0-80DA-B7732B66FA03}.Debug|Any CPU.Build.0 = Debug|Any CPU
		{D9E49506-B68F-4EB0-80DA-B7732B66FA03}.Release|Any CPU.ActiveCfg = Release|Any CPU
		{D9E49506-B68F-4EB0-80DA-B7732B66FA03}.Release|Any CPU.Build.0 = Release|Any CPU
		{DE1A8B39-D1F8-46B7-B233-423D74F81F2F}.Debug|Any CPU.ActiveCfg = Debug|Any CPU
		{DE1A8B39-D1F8-46B7-B233-423D74F81F2F}.Debug|Any CPU.Build.0 = Debug|Any CPU
		{DE1A8B39-D1F8-46B7-B233-423D74F81F2F}.Release|Any CPU.ActiveCfg = Release|Any CPU
		{DE1A8B39-D1F8-46B7-B233-423D74F81F2F}.Release|Any CPU.Build.0 = Release|Any CPU
		{44A3DBEE-07BE-4332-A1DE-6CD535238861}.Debug|Any CPU.ActiveCfg = Debug|Any CPU
		{44A3DBEE-07BE-4332-A1DE-6CD535238861}.Debug|Any CPU.Build.0 = Debug|Any CPU
		{44A3DBEE-07BE-4332-A1DE-6CD535238861}.Release|Any CPU.ActiveCfg = Release|Any CPU
		{44A3DBEE-07BE-4332-A1DE-6CD535238861}.Release|Any CPU.Build.0 = Release|Any CPU
		{0451BAEF-DF2E-4B98-8644-94EE9415E389}.Debug|Any CPU.ActiveCfg = Debug|Any CPU
		{0451BAEF-DF2E-4B98-8644-94EE9415E389}.Debug|Any CPU.Build.0 = Debug|Any CPU
		{0451BAEF-DF2E-4B98-8644-94EE9415E389}.Release|Any CPU.ActiveCfg = Release|Any CPU
		{0451BAEF-DF2E-4B98-8644-94EE9415E389}.Release|Any CPU.Build.0 = Release|Any CPU
	EndGlobalSection
	GlobalSection(SolutionProperties) = preSolution
		HideSolutionNode = FALSE
	EndGlobalSection
EndGlobal
